
Microsoft Visual Studio Solution File, Format Version 11.00
# Visual Studio 2010
Project("{FAE04EC0-301F-11D3-BF4B-00C04F79EFBC}") = "brainf--k", "brainf--k\brainf--k.csproj", "{BB0F6A3C-B18E-48BA-B3B0-A3742FB3C82B}"
EndProject
Global
	GlobalSection(SolutionConfigurationPlatforms) = preSolution
		Debug|x86 = Debug|x86
		Release|x86 = Release|x86
	EndGlobalSection
	GlobalSection(ProjectConfigurationPlatforms) = postSolution
		{BB0F6A3C-B18E-48BA-B3B0-A3742FB3C82B}.Debug|x86.ActiveCfg = Debug|x86
		{BB0F6A3C-B18E-48BA-B3B0-A3742FB3C82B}.Debug|x86.Build.0 = Debug|x86
		{BB0F6A3C-B18E-48BA-B3B0-A3742FB3C82B}.Release|x86.ActiveCfg = Release|x86
		{BB0F6A3C-B18E-48BA-B3B0-A3742FB3C82B}.Release|x86.Build.0 = Release|x86
	EndGlobalSection
	GlobalSection(SolutionProperties) = preSolution
		HideSolutionNode = FALSE
	EndGlobalSection
EndGlobal
